
Microsoft Visual Studio Solution File, Format Version 12.00
# Visual Studio Version 17
VisualStudioVersion = 17.11.35208.52
MinimumVisualStudioVersion = 10.0.40219.1
Project("{FAE04EC0-301F-11D3-BF4B-00C04F79EFBC}") = "CSharpHomework1", "CSharpHomework1\CSharpHomework1.csproj", "{E867D93E-7997-479B-AD77-2BB4FB5E6A33}"
EndProject
Global
	GlobalSection(SolutionConfigurationPlatforms) = preSolution
		Debug|Any CPU = Debug|Any CPU
		Release|Any CPU = Release|Any CPU
	EndGlobalSection
	GlobalSection(ProjectConfigurationPlatforms) = postSolution
		{E867D93E-7997-479B-AD77-2BB4FB5E6A33}.Debug|Any CPU.ActiveCfg = Debug|Any CPU
		{E867D93E-7997-479B-AD77-2BB4FB5E6A33}.Debug|Any CPU.Build.0 = Debug|Any CPU
		{E867D93E-7997-479B-AD77-2BB4FB5E6A33}.Release|Any CPU.ActiveCfg = Release|Any CPU
		{E867D93E-7997-479B-AD77-2BB4FB5E6A33}.Release|Any CPU.Build.0 = Release|Any CPU
	EndGlobalSection
	GlobalSection(SolutionProperties) = preSolution
		HideSolutionNode = FALSE
	EndGlobalSection
	GlobalSection(ExtensibilityGlobals) = postSolution
		SolutionGuid = {AF759661-A36C-42A0-8035-DD33008CBC10}
	EndGlobalSection
EndGlobal
